
Microsoft Visual Studio Solution File, Format Version 12.00
# Visual Studio Version 17
VisualStudioVersion = 17.11.35208.52
MinimumVisualStudioVersion = 10.0.40219.1
Project("{FAE04EC0-301F-11D3-BF4B-00C04F79EFBC}") = "TestTask", "TestTask\TestTask.csproj", "{E1C5560D-2279-413A-9BDA-9EB7BDBA0CBF}"
EndProject
Global
	GlobalSection(SolutionConfigurationPlatforms) = preSolution
		Debug|Any CPU = Debug|Any CPU
		Release|Any CPU = Release|Any CPU
	EndGlobalSection
	GlobalSection(ProjectConfigurationPlatforms) = postSolution
		{E1C5560D-2279-413A-9BDA-9EB7BDBA0CBF}.Debug|Any CPU.ActiveCfg = Debug|Any CPU
		{E1C5560D-2279-413A-9BDA-9EB7BDBA0CBF}.Debug|Any CPU.Build.0 = Debug|Any CPU
		{E1C5560D-2279-413A-9BDA-9EB7BDBA0CBF}.Release|Any CPU.ActiveCfg = Release|Any CPU
		{E1C5560D-2279-413A-9BDA-9EB7BDBA0CBF}.Release|Any CPU.Build.0 = Release|Any CPU
	EndGlobalSection
	GlobalSection(SolutionProperties) = preSolution
		HideSolutionNode = FALSE
	EndGlobalSection
	GlobalSection(ExtensibilityGlobals) = postSolution
		SolutionGuid = {3160B9C2-81FE-4606-8DE8-B804482A1F13}
	EndGlobalSection
EndGlobal
